
Microsoft Visual Studio Solution File, Format Version 12.00
# Visual Studio Version 17
VisualStudioVersion = 17.3.32929.385
MinimumVisualStudioVersion = 10.0.40219.1
Project("{FAE04EC0-301F-11D3-BF4B-00C04F79EFBC}") = "TowerOfHanoi", "TowerOfHanoi.csproj", "{0D0F48D6-6E34-4E2F-9E7C-DF9B7710D300}"
EndProject
Global
	GlobalSection(SolutionConfigurationPlatforms) = preSolution
		Debug|Any CPU = Debug|Any CPU
		Release|Any CPU = Release|Any CPU
	EndGlobalSection
	GlobalSection(ProjectConfigurationPlatforms) = postSolution
		{0D0F48D6-6E34-4E2F-9E7C-DF9B7710D300}.Debug|Any CPU.ActiveCfg = Debug|Any CPU
		{0D0F48D6-6E34-4E2F-9E7C-DF9B7710D300}.Debug|Any CPU.Build.0 = Debug|Any CPU
		{0D0F48D6-6E34-4E2F-9E7C-DF9B7710D300}.Release|Any CPU.ActiveCfg = Release|Any CPU
		{0D0F48D6-6E34-4E2F-9E7C-DF9B7710D300}.Release|Any CPU.Build.0 = Release|Any CPU
	EndGlobalSection
	GlobalSection(SolutionProperties) = preSolution
		HideSolutionNode = FALSE
	EndGlobalSection
	GlobalSection(ExtensibilityGlobals) = postSolution
		SolutionGuid = {63CEF9B8-67FC-428F-A575-A6163D16DECC}
	EndGlobalSection
EndGlobal
